
Microsoft Visual Studio Solution File, Format Version 12.00
# Visual Studio Version 17
VisualStudioVersion = 17.9.34728.123
MinimumVisualStudioVersion = 10.0.40219.1
Project("{9A19103F-16F7-4668-BE54-9A1E7A4F7556}") = "L2_sumUp", "L2_sumUp\L2_sumUp.csproj", "{6718EAB4-7147-4BFB-8E0D-9196A70D81E6}"
EndProject
Project("{9A19103F-16F7-4668-BE54-9A1E7A4F7556}") = "L2_stars", "L2_stars\L2_stars.csproj", "{BFD126A9-0A2E-4814-AECE-F3443E59F2A1}"
EndProject
Project("{9A19103F-16F7-4668-BE54-9A1E7A4F7556}") = "L2_archer", "L2_archer\L2_archer.csproj", "{10CF29EB-BE51-4C7F-B50C-92EECC9E9AA7}"
EndProject
Project("{9A19103F-16F7-4668-BE54-9A1E7A4F7556}") = "L2_riddler", "L2_riddler\L2_riddler.csproj", "{3AD3443F-E23A-495C-9F7E-7FDCC05D0378}"
EndProject
Project("{FAE04EC0-301F-11D3-BF4B-00C04F79EFBC}") = "L3_strings", "L3_strings\L3_strings.csproj", "{FAD2B33F-EE3C-4CC0-9BDB-968299032DB6}"
EndProject
Global
	GlobalSection(SolutionConfigurationPlatforms) = preSolution
		Debug|Any CPU = Debug|Any CPU
		Release|Any CPU = Release|Any CPU
	EndGlobalSection
	GlobalSection(ProjectConfigurationPlatforms) = postSolution
		{6718EAB4-7147-4BFB-8E0D-9196A70D81E6}.Debug|Any CPU.ActiveCfg = Debug|Any CPU
		{6718EAB4-7147-4BFB-8E0D-9196A70D81E6}.Debug|Any CPU.Build.0 = Debug|Any CPU
		{6718EAB4-7147-4BFB-8E0D-9196A70D81E6}.Release|Any CPU.ActiveCfg = Release|Any CPU
		{6718EAB4-7147-4BFB-8E0D-9196A70D81E6}.Release|Any CPU.Build.0 = Release|Any CPU
		{BFD126A9-0A2E-4814-AECE-F3443E59F2A1}.Debug|Any CPU.ActiveCfg = Debug|Any CPU
		{BFD126A9-0A2E-4814-AECE-F3443E59F2A1}.Debug|Any CPU.Build.0 = Debug|Any CPU
		{BFD126A9-0A2E-4814-AECE-F3443E59F2A1}.Release|Any CPU.ActiveCfg = Release|Any CPU
		{BFD126A9-0A2E-4814-AECE-F3443E59F2A1}.Release|Any CPU.Build.0 = Release|Any CPU
		{10CF29EB-BE51-4C7F-B50C-92EECC9E9AA7}.Debug|Any CPU.ActiveCfg = Debug|Any CPU
		{10CF29EB-BE51-4C7F-B50C-92EECC9E9AA7}.Debug|Any CPU.Build.0 = Debug|Any CPU
		{10CF29EB-BE51-4C7F-B50C-92EECC9E9AA7}.Release|Any CPU.ActiveCfg = Release|Any CPU
		{10CF29EB-BE51-4C7F-B50C-92EECC9E9AA7}.Release|Any CPU.Build.0 = Release|Any CPU
		{3AD3443F-E23A-495C-9F7E-7FDCC05D0378}.Debug|Any CPU.ActiveCfg = Debug|Any CPU
		{3AD3443F-E23A-495C-9F7E-7FDCC05D0378}.Debug|Any CPU.Build.0 = Debug|Any CPU
		{3AD3443F-E23A-495C-9F7E-7FDCC05D0378}.Release|Any CPU.ActiveCfg = Release|Any CPU
		{3AD3443F-E23A-495C-9F7E-7FDCC05D0378}.Release|Any CPU.Build.0 = Release|Any CPU
		{FAD2B33F-EE3C-4CC0-9BDB-968299032DB6}.Debug|Any CPU.ActiveCfg = Debug|Any CPU
		{FAD2B33F-EE3C-4CC0-9BDB-968299032DB6}.Debug|Any CPU.Build.0 = Debug|Any CPU
		{FAD2B33F-EE3C-4CC0-9BDB-968299032DB6}.Release|Any CPU.ActiveCfg = Release|Any CPU
		{FAD2B33F-EE3C-4CC0-9BDB-968299032DB6}.Release|Any CPU.Build.0 = Release|Any CPU
	EndGlobalSection
	GlobalSection(SolutionProperties) = preSolution
		HideSolutionNode = FALSE
	EndGlobalSection
	GlobalSection(ExtensibilityGlobals) = postSolution
		SolutionGuid = {37B6C0EA-7E39-4435-A8C5-E0372169FDCE}
	EndGlobalSection
EndGlobal
